
Microsoft Visual Studio Solution File, Format Version 12.00
# Visual Studio Version 17
VisualStudioVersion = 17.14.36511.14 d17.14
MinimumVisualStudioVersion = 10.0.40219.1
Project("{FAE04EC0-301F-11D3-BF4B-00C04F79EFBC}") = "ticTacToe", "ticTacToe\ticTacToe.csproj", "{D685A4CA-8D52-4040-9D3A-5813F696B79A}"
EndProject
Global
	GlobalSection(SolutionConfigurationPlatforms) = preSolution
		Debug|Any CPU = Debug|Any CPU
		Release|Any CPU = Release|Any CPU
	EndGlobalSection
	GlobalSection(ProjectConfigurationPlatforms) = postSolution
		{D685A4CA-8D52-4040-9D3A-5813F696B79A}.Debug|Any CPU.ActiveCfg = Debug|Any CPU
		{D685A4CA-8D52-4040-9D3A-5813F696B79A}.Debug|Any CPU.Build.0 = Debug|Any CPU
		{D685A4CA-8D52-4040-9D3A-5813F696B79A}.Release|Any CPU.ActiveCfg = Release|Any CPU
		{D685A4CA-8D52-4040-9D3A-5813F696B79A}.Release|Any CPU.Build.0 = Release|Any CPU
	EndGlobalSection
	GlobalSection(SolutionProperties) = preSolution
		HideSolutionNode = FALSE
	EndGlobalSection
	GlobalSection(ExtensibilityGlobals) = postSolution
		SolutionGuid = {738CA69B-FA7B-40EE-AC8B-157D587A1CB8}
	EndGlobalSection
EndGlobal
